
Microsoft Visual Studio Solution File, Format Version 12.00
# Visual Studio Version 16
VisualStudioVersion = 16.0.30503.244
MinimumVisualStudioVersion = 10.0.40219.1
Project("{9A19103F-16F7-4668-BE54-9A1E7A4F7556}") = "Products.API", "Products.API\Products.API.csproj", "{279F5E2A-609C-47AF-8CF9-D367FE902574}"
EndProject
Project("{9A19103F-16F7-4668-BE54-9A1E7A4F7556}") = "Products.Core", "Products.Core\Products.Core.csproj", "{A8A47F75-E814-409A-A35D-4E92A5755A13}"
EndProject
Project("{2150E333-8FDC-42A3-9474-1A3956D46DE8}") = "Infrastructure", "Infrastructure", "{B2384EDD-0B9C-4020-9738-F1485C874681}"
EndProject
Project("{9A19103F-16F7-4668-BE54-9A1E7A4F7556}") = "Products.Infrastructure.Data", "Products.Infrastructure.Data\Products.Infrastructure.Data.csproj", "{31CB5989-1E3C-4425-9455-29E83D321316}"
EndProject
Project("{2150E333-8FDC-42A3-9474-1A3956D46DE8}") = "Tests", "Tests", "{FAA6C607-B273-40A1-89C2-A6B9C6272862}"
EndProject
Project("{00D1A9C2-B5F0-4AF3-8072-F6C62B433612}") = "Products.DB", "Products.DB\Products.DB.sqlproj", "{FFEE6D1B-C257-459B-9D8C-4FACE74CDE3D}"
EndProject
Project("{2150E333-8FDC-42A3-9474-1A3956D46DE8}") = "Products", "Products", "{57735C3A-93AB-468A-98D2-0E3C0BA6B4D5}"
EndProject
Project("{2150E333-8FDC-42A3-9474-1A3956D46DE8}") = "Solution Items", "Solution Items", "{746927BF-65F4-4C2A-8D20-66652C21CA79}"
	ProjectSection(SolutionItems) = preProject
		.editorconfig = .editorconfig
	EndProjectSection
EndProject
Project("{9A19103F-16F7-4668-BE54-9A1E7A4F7556}") = "Products.Common", "Products.Common\Products.Common.csproj", "{1B6882D7-90A2-4B0E-97F3-12E63876A8A3}"
EndProject
Project("{9A19103F-16F7-4668-BE54-9A1E7A4F7556}") = "Products.Core.Tests", "Products.Core.Tests\Products.Core.Tests.csproj", "{E9D97089-CAE1-446C-8D9B-3EAA3495BFC8}"
EndProject
Project("{2150E333-8FDC-42A3-9474-1A3956D46DE8}") = "Availability", "Availability", "{9923B6C6-93B0-4240-B2B3-C183DD3DA9D3}"
EndProject
Project("{9A19103F-16F7-4668-BE54-9A1E7A4F7556}") = "Availability.API", "Availability.API\Availability.API.csproj", "{04DA43DF-DAC4-4901-8232-0370C9388A40}"
EndProject
Project("{2150E333-8FDC-42A3-9474-1A3956D46DE8}") = "Infrastructure", "Infrastructure", "{AE385157-4E98-4584-A0C5-F4CE48A76D53}"
EndProject
Project("{2150E333-8FDC-42A3-9474-1A3956D46DE8}") = "Tests", "Tests", "{50C99D42-CDFF-47C3-9AA0-7B20C8C7632B}"
EndProject
Project("{9A19103F-16F7-4668-BE54-9A1E7A4F7556}") = "Availability.Core", "Availability.Core\Availability.Core.csproj", "{F09C0623-BA6D-4955-B559-4459FB181823}"
EndProject
Project("{9A19103F-16F7-4668-BE54-9A1E7A4F7556}") = "Availability.Common", "Availability.Common\Availability.Common.csproj", "{1D5FBDA0-75DA-4C1D-A0D8-AD7D10CCE2F9}"
EndProject
Project("{9A19103F-16F7-4668-BE54-9A1E7A4F7556}") = "Availability.Core.Tests", "Availability.Core.Tests\Availability.Core.Tests.csproj", "{BA2F621F-1A2F-4CA0-B874-072065F27728}"
EndProject
Project("{9A19103F-16F7-4668-BE54-9A1E7A4F7556}") = "Availability.Infrastructure.Data", "Availability.Infrastructure.Data\Availability.Infrastructure.Data.csproj", "{DA7032FC-F63F-4986-B803-70D5BB6CDB7A}"
EndProject
Project("{9A19103F-16F7-4668-BE54-9A1E7A4F7556}") = "Availability.API.Tests", "Availability.API.Tests\Availability.API.Tests.csproj", "{8142F82B-CF5D-4F7A-8FE1-DF1D1930CAA8}"
EndProject
Project("{9A19103F-16F7-4668-BE54-9A1E7A4F7556}") = "Products.API.Tests", "Products.API.Tests\Products.API.Tests.csproj", "{148D5FEA-CC4F-4E12-87A8-FF3C134CA72B}"
EndProject
Project("{FAE04EC0-301F-11D3-BF4B-00C04F79EFBC}") = "Products.API.IntegrationTests", "Products.API.IntegrationTests\Products.API.IntegrationTests.csproj", "{E51E23CE-26A9-4832-9013-D6F49C0E2744}"
EndProject
Project("{9A19103F-16F7-4668-BE54-9A1E7A4F7556}") = "Availability.API.IntegrationTests", "Availability.API.IntegrationTests\Availability.API.IntegrationTests.csproj", "{509D8775-9EDF-41AA-BA18-84E1DC0AE80E}"
EndProject
Project("{2150E333-8FDC-42A3-9474-1A3956D46DE8}") = "SharedKernel", "SharedKernel", "{1F5F5A5B-BFFB-4B6C-B44D-9D317800E996}"
EndProject
Project("{FAE04EC0-301F-11D3-BF4B-00C04F79EFBC}") = "SharedKernel.Tests", "SharedKernel.Tests\SharedKernel.Tests.csproj", "{5A2F6AF3-2172-4A7B-9227-86C6B28BBDD2}"
EndProject
Global
	GlobalSection(SolutionConfigurationPlatforms) = preSolution
		Debug|Any CPU = Debug|Any CPU
		Release|Any CPU = Release|Any CPU
	EndGlobalSection
	GlobalSection(ProjectConfigurationPlatforms) = postSolution
		{279F5E2A-609C-47AF-8CF9-D367FE902574}.Debug|Any CPU.ActiveCfg = Debug|Any CPU
		{279F5E2A-609C-47AF-8CF9-D367FE902574}.Debug|Any CPU.Build.0 = Debug|Any CPU
		{279F5E2A-609C-47AF-8CF9-D367FE902574}.Release|Any CPU.ActiveCfg = Release|Any CPU
		{279F5E2A-609C-47AF-8CF9-D367FE902574}.Release|Any CPU.Build.0 = Release|Any CPU
		{A8A47F75-E814-409A-A35D-4E92A5755A13}.Debug|Any CPU.ActiveCfg = Debug|Any CPU
		{A8A47F75-E814-409A-A35D-4E92A5755A13}.Debug|Any CPU.Build.0 = Debug|Any CPU
		{A8A47F75-E814-409A-A35D-4E92A5755A13}.Release|Any CPU.ActiveCfg = Release|Any CPU
		{A8A47F75-E814-409A-A35D-4E92A5755A13}.Release|Any CPU.Build.0 = Release|Any CPU
		{31CB5989-1E3C-4425-9455-29E83D321316}.Debug|Any CPU.ActiveCfg = Debug|Any CPU
		{31CB5989-1E3C-4425-9455-29E83D321316}.Debug|Any CPU.Build.0 = Debug|Any CPU
		{31CB5989-1E3C-4425-9455-29E83D321316}.Release|Any CPU.ActiveCfg = Release|Any CPU
		{31CB5989-1E3C-4425-9455-29E83D321316}.Release|Any CPU.Build.0 = Release|Any CPU
		{FFEE6D1B-C257-459B-9D8C-4FACE74CDE3D}.Debug|Any CPU.ActiveCfg = Debug|Any CPU
		{FFEE6D1B-C257-459B-9D8C-4FACE74CDE3D}.Debug|Any CPU.Build.0 = Debug|Any CPU
		{FFEE6D1B-C257-459B-9D8C-4FACE74CDE3D}.Debug|Any CPU.Deploy.0 = Debug|Any CPU
		{FFEE6D1B-C257-459B-9D8C-4FACE74CDE3D}.Release|Any CPU.ActiveCfg = Release|Any CPU
		{FFEE6D1B-C257-459B-9D8C-4FACE74CDE3D}.Release|Any CPU.Build.0 = Release|Any CPU
		{FFEE6D1B-C257-459B-9D8C-4FACE74CDE3D}.Release|Any CPU.Deploy.0 = Release|Any CPU
		{1B6882D7-90A2-4B0E-97F3-12E63876A8A3}.Debug|Any CPU.ActiveCfg = Debug|Any CPU
		{1B6882D7-90A2-4B0E-97F3-12E63876A8A3}.Debug|Any CPU.Build.0 = Debug|Any CPU
		{1B6882D7-90A2-4B0E-97F3-12E63876A8A3}.Release|Any CPU.ActiveCfg = Release|Any CPU
		{1B6882D7-90A2-4B0E-97F3-12E63876A8A3}.Release|Any CPU.Build.0 = Release|Any CPU
		{E9D97089-CAE1-446C-8D9B-3EAA3495BFC8}.Debug|Any CPU.ActiveCfg = Debug|Any CPU
		{E9D97089-CAE1-446C-8D9B-3EAA3495BFC8}.Debug|Any CPU.Build.0 = Debug|Any CPU
		{E9D97089-CAE1-446C-8D9B-3EAA3495BFC8}.Release|Any CPU.ActiveCfg = Release|Any CPU
		{E9D97089-CAE1-446C-8D9B-3EAA3495BFC8}.Release|Any CPU.Build.0 = Release|Any CPU
		{04DA43DF-DAC4-4901-8232-0370C9388A40}.Debug|Any CPU.ActiveCfg = Debug|Any CPU
		{04DA43DF-DAC4-4901-8232-0370C9388A40}.Debug|Any CPU.Build.0 = Debug|Any CPU
		{04DA43DF-DAC4-4901-8232-0370C9388A40}.Release|Any CPU.ActiveCfg = Release|Any CPU
		{04DA43DF-DAC4-4901-8232-0370C9388A40}.Release|Any CPU.Build.0 = Release|Any CPU
		{F09C0623-BA6D-4955-B559-4459FB181823}.Debug|Any CPU.ActiveCfg = Debug|Any CPU
		{F09C0623-BA6D-4955-B559-4459FB181823}.Debug|Any CPU.Build.0 = Debug|Any CPU
		{F09C0623-BA6D-4955-B559-4459FB181823}.Release|Any CPU.ActiveCfg = Release|Any CPU
		{F09C0623-BA6D-4955-B559-4459FB181823}.Release|Any CPU.Build.0 = Release|Any CPU
		{1D5FBDA0-75DA-4C1D-A0D8-AD7D10CCE2F9}.Debug|Any CPU.ActiveCfg = Debug|Any CPU
		{1D5FBDA0-75DA-4C1D-A0D8-AD7D10CCE2F9}.Debug|Any CPU.Build.0 = Debug|Any CPU
		{1D5FBDA0-75DA-4C1D-A0D8-AD7D10CCE2F9}.Release|Any CPU.ActiveCfg = Release|Any CPU
		{1D5FBDA0-75DA-4C1D-A0D8-AD7D10CCE2F9}.Release|Any CPU.Build.0 = Release|Any CPU
		{BA2F621F-1A2F-4CA0-B874-072065F27728}.Debug|Any CPU.ActiveCfg = Debug|Any CPU
		{BA2F621F-1A2F-4CA0-B874-072065F27728}.Debug|Any CPU.Build.0 = Debug|Any CPU
		{BA2F621F-1A2F-4CA0-B874-072065F27728}.Release|Any CPU.ActiveCfg = Release|Any CPU
		{BA2F621F-1A2F-4CA0-B874-072065F27728}.Release|Any CPU.Build.0 = Release|Any CPU
		{DA7032FC-F63F-4986-B803-70D5BB6CDB7A}.Debug|Any CPU.ActiveCfg = Debug|Any CPU
		{DA7032FC-F63F-4986-B803-70D5BB6CDB7A}.Debug|Any CPU.Build.0 = Debug|Any CPU
		{DA7032FC-F63F-4986-B803-70D5BB6CDB7A}.Release|Any CPU.ActiveCfg = Release|Any CPU
		{DA7032FC-F63F-4986-B803-70D5BB6CDB7A}.Release|Any CPU.Build.0 = Release|Any CPU
		{8142F82B-CF5D-4F7A-8FE1-DF1D1930CAA8}.Debug|Any CPU.ActiveCfg = Debug|Any CPU
		{8142F82B-CF5D-4F7A-8FE1-DF1D1930CAA8}.Debug|Any CPU.Build.0 = Debug|Any CPU
		{8142F82B-CF5D-4F7A-8FE1-DF1D1930CAA8}.Release|Any CPU.ActiveCfg = Release|Any CPU
		{8142F82B-CF5D-4F7A-8FE1-DF1D1930CAA8}.Release|Any CPU.Build.0 = Release|Any CPU
		{148D5FEA-CC4F-4E12-87A8-FF3C134CA72B}.Debug|Any CPU.ActiveCfg = Debug|Any CPU
		{148D5FEA-CC4F-4E12-87A8-FF3C134CA72B}.Debug|Any CPU.Build.0 = Debug|Any CPU
		{148D5FEA-CC4F-4E12-87A8-FF3C134CA72B}.Release|Any CPU.ActiveCfg = Release|Any CPU
		{148D5FEA-CC4F-4E12-87A8-FF3C134CA72B}.Release|Any CPU.Build.0 = Release|Any CPU
		{E51E23CE-26A9-4832-9013-D6F49C0E2744}.Debug|Any CPU.ActiveCfg = Debug|Any CPU
		{E51E23CE-26A9-4832-9013-D6F49C0E2744}.Debug|Any CPU.Build.0 = Debug|Any CPU
		{E51E23CE-26A9-4832-9013-D6F49C0E2744}.Release|Any CPU.ActiveCfg = Release|Any CPU
		{E51E23CE-26A9-4832-9013-D6F49C0E2744}.Release|Any CPU.Build.0 = Release|Any CPU
		{509D8775-9EDF-41AA-BA18-84E1DC0AE80E}.Debug|Any CPU.ActiveCfg = Debug|Any CPU
		{509D8775-9EDF-41AA-BA18-84E1DC0AE80E}.Debug|Any CPU.Build.0 = Debug|Any CPU
		{509D8775-9EDF-41AA-BA18-84E1DC0AE80E}.Release|Any CPU.ActiveCfg = Release|Any CPU
		{509D8775-9EDF-41AA-BA18-84E1DC0AE80E}.Release|Any CPU.Build.0 = Release|Any CPU
		{5A2F6AF3-2172-4A7B-9227-86C6B28BBDD2}.Debug|Any CPU.ActiveCfg = Debug|Any CPU
		{5A2F6AF3-2172-4A7B-9227-86C6B28BBDD2}.Debug|Any CPU.Build.0 = Debug|Any CPU
		{5A2F6AF3-2172-4A7B-9227-86C6B28BBDD2}.Release|Any CPU.ActiveCfg = Release|Any CPU
		{5A2F6AF3-2172-4A7B-9227-86C6B28BBDD2}.Release|Any CPU.Build.0 = Release|Any CPU
	EndGlobalSection
	GlobalSection(SolutionProperties) = preSolution
		HideSolutionNode = FALSE
	EndGlobalSection
	GlobalSection(NestedProjects) = preSolution
		{279F5E2A-609C-47AF-8CF9-D367FE902574} = {57735C3A-93AB-468A-98D2-0E3C0BA6B4D5}
		{A8A47F75-E814-409A-A35D-4E92A5755A13} = {57735C3A-93AB-468A-98D2-0E3C0BA6B4D5}
		{B2384EDD-0B9C-4020-9738-F1485C874681} = {57735C3A-93AB-468A-98D2-0E3C0BA6B4D5}
		{31CB5989-1E3C-4425-9455-29E83D321316} = {B2384EDD-0B9C-4020-9738-F1485C874681}
		{FAA6C607-B273-40A1-89C2-A6B9C6272862} = {57735C3A-93AB-468A-98D2-0E3C0BA6B4D5}
		{FFEE6D1B-C257-459B-9D8C-4FACE74CDE3D} = {B2384EDD-0B9C-4020-9738-F1485C874681}
		{1B6882D7-90A2-4B0E-97F3-12E63876A8A3} = {57735C3A-93AB-468A-98D2-0E3C0BA6B4D5}
		{E9D97089-CAE1-446C-8D9B-3EAA3495BFC8} = {FAA6C607-B273-40A1-89C2-A6B9C6272862}
		{04DA43DF-DAC4-4901-8232-0370C9388A40} = {9923B6C6-93B0-4240-B2B3-C183DD3DA9D3}
		{AE385157-4E98-4584-A0C5-F4CE48A76D53} = {9923B6C6-93B0-4240-B2B3-C183DD3DA9D3}
		{50C99D42-CDFF-47C3-9AA0-7B20C8C7632B} = {9923B6C6-93B0-4240-B2B3-C183DD3DA9D3}
		{F09C0623-BA6D-4955-B559-4459FB181823} = {9923B6C6-93B0-4240-B2B3-C183DD3DA9D3}
		{1D5FBDA0-75DA-4C1D-A0D8-AD7D10CCE2F9} = {9923B6C6-93B0-4240-B2B3-C183DD3DA9D3}
		{BA2F621F-1A2F-4CA0-B874-072065F27728} = {50C99D42-CDFF-47C3-9AA0-7B20C8C7632B}
		{DA7032FC-F63F-4986-B803-70D5BB6CDB7A} = {AE385157-4E98-4584-A0C5-F4CE48A76D53}
		{8142F82B-CF5D-4F7A-8FE1-DF1D1930CAA8} = {50C99D42-CDFF-47C3-9AA0-7B20C8C7632B}
		{148D5FEA-CC4F-4E12-87A8-FF3C134CA72B} = {FAA6C607-B273-40A1-89C2-A6B9C6272862}
		{E51E23CE-26A9-4832-9013-D6F49C0E2744} = {FAA6C607-B273-40A1-89C2-A6B9C6272862}
		{509D8775-9EDF-41AA-BA18-84E1DC0AE80E} = {50C99D42-CDFF-47C3-9AA0-7B20C8C7632B}
		{5A2F6AF3-2172-4A7B-9227-86C6B28BBDD2} = {1F5F5A5B-BFFB-4B6C-B44D-9D317800E996}
	EndGlobalSection
	GlobalSection(ExtensibilityGlobals) = postSolution
		SolutionGuid = {290BDEDF-9506-45E0-ACD9-601F6A3EA6B2}
	EndGlobalSection
EndGlobal
